
Microsoft Visual Studio Solution File, Format Version 12.00
# Visual Studio Version 17
VisualStudioVersion = 17.7.34221.43
MinimumVisualStudioVersion = 10.0.40219.1
Project("{FAE04EC0-301F-11D3-BF4B-00C04F79EFBC}") = "ManyAffWebhook", "ManyAffWebhook\ManyAffWebhook.csproj", "{DE0220E3-8F47-4521-AFD7-1774652C52DB}"
EndProject
Global
	GlobalSection(SolutionConfigurationPlatforms) = preSolution
		Debug|Any CPU = Debug|Any CPU
		Release|Any CPU = Release|Any CPU
	EndGlobalSection
	GlobalSection(ProjectConfigurationPlatforms) = postSolution
		{DE0220E3-8F47-4521-AFD7-1774652C52DB}.Debug|Any CPU.ActiveCfg = Debug|Any CPU
		{DE0220E3-8F47-4521-AFD7-1774652C52DB}.Debug|Any CPU.Build.0 = Debug|Any CPU
		{DE0220E3-8F47-4521-AFD7-1774652C52DB}.Release|Any CPU.ActiveCfg = Release|Any CPU
		{DE0220E3-8F47-4521-AFD7-1774652C52DB}.Release|Any CPU.Build.0 = Release|Any CPU
	EndGlobalSection
	GlobalSection(SolutionProperties) = preSolution
		HideSolutionNode = FALSE
	EndGlobalSection
	GlobalSection(ExtensibilityGlobals) = postSolution
		SolutionGuid = {C2227827-087B-43EB-85CC-C72D49550342}
	EndGlobalSection
EndGlobal
